
Microsoft Visual Studio Solution File, Format Version 12.00
# Visual Studio 15
VisualStudioVersion = 15.0.26430.15
MinimumVisualStudioVersion = 10.0.40219.1
Project("{8BC9CEB8-8B4A-11D0-8D11-00A0C91BC942}") = "OpenGLCommon", "OpenGLCommon\OpenGLCommon.vcxproj", "{97F52190-7F79-4661-AB31-9A92EDDE14AB}"
EndProject
Project("{8BC9CEB8-8B4A-11D0-8D11-00A0C91BC942}") = "Trojkat", "Trojkat\Trojkat.vcxproj", "{672C52CE-B8BF-435E-9B1A-C0D9E79E030B}"
EndProject
Project("{8BC9CEB8-8B4A-11D0-8D11-00A0C91BC942}") = "Fala", "Fala\Fala.vcxproj", "{2BCF5945-1D27-4681-A3E1-0DB2483F1D8D}"
EndProject
Project("{8BC9CEB8-8B4A-11D0-8D11-00A0C91BC942}") = "Obraz", "Obraz\Obraz.vcxproj", "{8137CF3A-4621-4D56-932B-3AB19F7CDA72}"
EndProject
Project("{8BC9CEB8-8B4A-11D0-8D11-00A0C91BC942}") = "Kamera", "Kamera\Kamera.vcxproj", "{1FF50338-2CC5-4DD3-81CB-C94FF864B575}"
EndProject
Project("{8BC9CEB8-8B4A-11D0-8D11-00A0C91BC942}") = "Bryla widzenia", "Bryla widzenia\Bryla widzenia.vcxproj", "{DDD96CD1-F62E-480D-940B-C8E4C208084F}"
EndProject
Project("{8BC9CEB8-8B4A-11D0-8D11-00A0C91BC942}") = "Bufor glebi", "Bufor glebi\Bufor glebi.vcxproj", "{3CAD7619-6BC1-426C-9234-DA1113548991}"
EndProject
Project("{8BC9CEB8-8B4A-11D0-8D11-00A0C91BC942}") = "Lustro", "Lustro\Lustro.vcxproj", "{5C2E2905-3C73-4916-A68F-597D5C941954}"
EndProject
Project("{8BC9CEB8-8B4A-11D0-8D11-00A0C91BC942}") = "Wczytywanie obj", "Wczytywanie obj\Wczytywanie obj.vcxproj", "{E1AF50A9-608F-4955-8EE5-FB9B30D0AFAA}"
EndProject
Project("{8BC9CEB8-8B4A-11D0-8D11-00A0C91BC942}") = "Oświetlenie", "Oświetlenie\Oświetlenie.vcxproj", "{90546C88-94B6-43C3-BB3F-62F31BA58775}"
EndProject
Project("{8BC9CEB8-8B4A-11D0-8D11-00A0C91BC942}") = "ObjTest", "ObjTest\ObjTest.vcxproj", "{43E03095-AFB9-4C6E-BBA3-52FBA7998338}"
EndProject
Global
	GlobalSection(SolutionConfigurationPlatforms) = preSolution
		Debug|x64 = Debug|x64
		Debug|x86 = Debug|x86
		Release|x64 = Release|x64
		Release|x86 = Release|x86
	EndGlobalSection
	GlobalSection(ProjectConfigurationPlatforms) = postSolution
		{97F52190-7F79-4661-AB31-9A92EDDE14AB}.Debug|x64.ActiveCfg = Debug|x64
		{97F52190-7F79-4661-AB31-9A92EDDE14AB}.Debug|x64.Build.0 = Debug|x64
		{97F52190-7F79-4661-AB31-9A92EDDE14AB}.Debug|x86.ActiveCfg = Debug|Win32
		{97F52190-7F79-4661-AB31-9A92EDDE14AB}.Debug|x86.Build.0 = Debug|Win32
		{97F52190-7F79-4661-AB31-9A92EDDE14AB}.Release|x64.ActiveCfg = Release|x64
		{97F52190-7F79-4661-AB31-9A92EDDE14AB}.Release|x64.Build.0 = Release|x64
		{97F52190-7F79-4661-AB31-9A92EDDE14AB}.Release|x86.ActiveCfg = Release|Win32
		{97F52190-7F79-4661-AB31-9A92EDDE14AB}.Release|x86.Build.0 = Release|Win32
		{672C52CE-B8BF-435E-9B1A-C0D9E79E030B}.Debug|x64.ActiveCfg = Debug|x64
		{672C52CE-B8BF-435E-9B1A-C0D9E79E030B}.Debug|x64.Build.0 = Debug|x64
		{672C52CE-B8BF-435E-9B1A-C0D9E79E030B}.Debug|x86.ActiveCfg = Debug|Win32
		{672C52CE-B8BF-435E-9B1A-C0D9E79E030B}.Debug|x86.Build.0 = Debug|Win32
		{672C52CE-B8BF-435E-9B1A-C0D9E79E030B}.Release|x64.ActiveCfg = Release|x64
		{672C52CE-B8BF-435E-9B1A-C0D9E79E030B}.Release|x64.Build.0 = Release|x64
		{672C52CE-B8BF-435E-9B1A-C0D9E79E030B}.Release|x86.ActiveCfg = Release|Win32
		{672C52CE-B8BF-435E-9B1A-C0D9E79E030B}.Release|x86.Build.0 = Release|Win32
		{2BCF5945-1D27-4681-A3E1-0DB2483F1D8D}.Debug|x64.ActiveCfg = Debug|x64
		{2BCF5945-1D27-4681-A3E1-0DB2483F1D8D}.Debug|x64.Build.0 = Debug|x64
		{2BCF5945-1D27-4681-A3E1-0DB2483F1D8D}.Debug|x86.ActiveCfg = Debug|Win32
		{2BCF5945-1D27-4681-A3E1-0DB2483F1D8D}.Debug|x86.Build.0 = Debug|Win32
		{2BCF5945-1D27-4681-A3E1-0DB2483F1D8D}.Release|x64.ActiveCfg = Release|x64
		{2BCF5945-1D27-4681-A3E1-0DB2483F1D8D}.Release|x64.Build.0 = Release|x64
		{2BCF5945-1D27-4681-A3E1-0DB2483F1D8D}.Release|x86.ActiveCfg = Release|Win32
		{2BCF5945-1D27-4681-A3E1-0DB2483F1D8D}.Release|x86.Build.0 = Release|Win32
		{8137CF3A-4621-4D56-932B-3AB19F7CDA72}.Debug|x64.ActiveCfg = Debug|x64
		{8137CF3A-4621-4D56-932B-3AB19F7CDA72}.Debug|x64.Build.0 = Debug|x64
		{8137CF3A-4621-4D56-932B-3AB19F7CDA72}.Debug|x86.ActiveCfg = Debug|Win32
		{8137CF3A-4621-4D56-932B-3AB19F7CDA72}.Debug|x86.Build.0 = Debug|Win32
		{8137CF3A-4621-4D56-932B-3AB19F7CDA72}.Release|x64.ActiveCfg = Release|x64
		{8137CF3A-4621-4D56-932B-3AB19F7CDA72}.Release|x64.Build.0 = Release|x64
		{8137CF3A-4621-4D56-932B-3AB19F7CDA72}.Release|x86.ActiveCfg = Release|Win32
		{8137CF3A-4621-4D56-932B-3AB19F7CDA72}.Release|x86.Build.0 = Release|Win32
		{1FF50338-2CC5-4DD3-81CB-C94FF864B575}.Debug|x64.ActiveCfg = Debug|x64
		{1FF50338-2CC5-4DD3-81CB-C94FF864B575}.Debug|x64.Build.0 = Debug|x64
		{1FF50338-2CC5-4DD3-81CB-C94FF864B575}.Debug|x86.ActiveCfg = Debug|Win32
		{1FF50338-2CC5-4DD3-81CB-C94FF864B575}.Debug|x86.Build.0 = Debug|Win32
		{1FF50338-2CC5-4DD3-81CB-C94FF864B575}.Release|x64.ActiveCfg = Release|x64
		{1FF50338-2CC5-4DD3-81CB-C94FF864B575}.Release|x64.Build.0 = Release|x64
		{1FF50338-2CC5-4DD3-81CB-C94FF864B575}.Release|x86.ActiveCfg = Release|Win32
		{1FF50338-2CC5-4DD3-81CB-C94FF864B575}.Release|x86.Build.0 = Release|Win32
		{DDD96CD1-F62E-480D-940B-C8E4C208084F}.Debug|x64.ActiveCfg = Debug|x64
		{DDD96CD1-F62E-480D-940B-C8E4C208084F}.Debug|x64.Build.0 = Debug|x64
		{DDD96CD1-F62E-480D-940B-C8E4C208084F}.Debug|x86.ActiveCfg = Debug|Win32
		{DDD96CD1-F62E-480D-940B-C8E4C208084F}.Debug|x86.Build.0 = Debug|Win32
		{DDD96CD1-F62E-480D-940B-C8E4C208084F}.Release|x64.ActiveCfg = Release|x64
		{DDD96CD1-F62E-480D-940B-C8E4C208084F}.Release|x64.Build.0 = Release|x64
		{DDD96CD1-F62E-480D-940B-C8E4C208084F}.Release|x86.ActiveCfg = Release|Win32
		{DDD96CD1-F62E-480D-940B-C8E4C208084F}.Release|x86.Build.0 = Release|Win32
		{3CAD7619-6BC1-426C-9234-DA1113548991}.Debug|x64.ActiveCfg = Debug|x64
		{3CAD7619-6BC1-426C-9234-DA1113548991}.Debug|x64.Build.0 = Debug|x64
		{3CAD7619-6BC1-426C-9234-DA1113548991}.Debug|x86.ActiveCfg = Debug|Win32
		{3CAD7619-6BC1-426C-9234-DA1113548991}.Debug|x86.Build.0 = Debug|Win32
		{3CAD7619-6BC1-426C-9234-DA1113548991}.Release|x64.ActiveCfg = Release|x64
		{3CAD7619-6BC1-426C-9234-DA1113548991}.Release|x64.Build.0 = Release|x64
		{3CAD7619-6BC1-426C-9234-DA1113548991}.Release|x86.ActiveCfg = Release|Win32
		{3CAD7619-6BC1-426C-9234-DA1113548991}.Release|x86.Build.0 = Release|Win32
		{5C2E2905-3C73-4916-A68F-597D5C941954}.Debug|x64.ActiveCfg = Debug|x64
		{5C2E2905-3C73-4916-A68F-597D5C941954}.Debug|x64.Build.0 = Debug|x64
		{5C2E2905-3C73-4916-A68F-597D5C941954}.Debug|x86.ActiveCfg = Debug|Win32
		{5C2E2905-3C73-4916-A68F-597D5C941954}.Debug|x86.Build.0 = Debug|Win32
		{5C2E2905-3C73-4916-A68F-597D5C941954}.Release|x64.ActiveCfg = Release|x64
		{5C2E2905-3C73-4916-A68F-597D5C941954}.Release|x64.Build.0 = Release|x64
		{5C2E2905-3C73-4916-A68F-597D5C941954}.Release|x86.ActiveCfg = Release|Win32
		{5C2E2905-3C73-4916-A68F-597D5C941954}.Release|x86.Build.0 = Release|Win32
		{E1AF50A9-608F-4955-8EE5-FB9B30D0AFAA}.Debug|x64.ActiveCfg = Debug|x64
		{E1AF50A9-608F-4955-8EE5-FB9B30D0AFAA}.Debug|x64.Build.0 = Debug|x64
		{E1AF50A9-608F-4955-8EE5-FB9B30D0AFAA}.Debug|x86.ActiveCfg = Debug|Win32
		{E1AF50A9-608F-4955-8EE5-FB9B30D0AFAA}.Debug|x86.Build.0 = Debug|Win32
		{E1AF50A9-608F-4955-8EE5-FB9B30D0AFAA}.Release|x64.ActiveCfg = Release|x64
		{E1AF50A9-608F-4955-8EE5-FB9B30D0AFAA}.Release|x64.Build.0 = Release|x64
		{E1AF50A9-608F-4955-8EE5-FB9B30D0AFAA}.Release|x86.ActiveCfg = Release|Win32
		{E1AF50A9-608F-4955-8EE5-FB9B30D0AFAA}.Release|x86.Build.0 = Release|Win32
		{90546C88-94B6-43C3-BB3F-62F31BA58775}.Debug|x64.ActiveCfg = Debug|x64
		{90546C88-94B6-43C3-BB3F-62F31BA58775}.Debug|x64.Build.0 = Debug|x64
		{90546C88-94B6-43C3-BB3F-62F31BA58775}.Debug|x86.ActiveCfg = Debug|Win32
		{90546C88-94B6-43C3-BB3F-62F31BA58775}.Debug|x86.Build.0 = Debug|Win32
		{90546C88-94B6-43C3-BB3F-62F31BA58775}.Release|x64.ActiveCfg = Release|x64
		{90546C88-94B6-43C3-BB3F-62F31BA58775}.Release|x64.Build.0 = Release|x64
		{90546C88-94B6-43C3-BB3F-62F31BA58775}.Release|x86.ActiveCfg = Release|Win32
		{90546C88-94B6-43C3-BB3F-62F31BA58775}.Release|x86.Build.0 = Release|Win32
		{43E03095-AFB9-4C6E-BBA3-52FBA7998338}.Debug|x64.ActiveCfg = Debug|x64
		{43E03095-AFB9-4C6E-BBA3-52FBA7998338}.Debug|x64.Build.0 = Debug|x64
		{43E03095-AFB9-4C6E-BBA3-52FBA7998338}.Debug|x86.ActiveCfg = Debug|Win32
		{43E03095-AFB9-4C6E-BBA3-52FBA7998338}.Debug|x86.Build.0 = Debug|Win32
		{43E03095-AFB9-4C6E-BBA3-52FBA7998338}.Release|x64.ActiveCfg = Release|x64
		{43E03095-AFB9-4C6E-BBA3-52FBA7998338}.Release|x64.Build.0 = Release|x64
		{43E03095-AFB9-4C6E-BBA3-52FBA7998338}.Release|x86.ActiveCfg = Release|Win32
		{43E03095-AFB9-4C6E-BBA3-52FBA7998338}.Release|x86.Build.0 = Release|Win32
	EndGlobalSection
	GlobalSection(SolutionProperties) = preSolution
		HideSolutionNode = FALSE
	EndGlobalSection
EndGlobal
